{
  "version": 4,
  "terraform_version": "1.5.6",
  "serial": 4,
  "lineage": "bfe13582-5402-a87c-afa7-7b2c29a8de84",
  "outputs": {
    "external_ip_address_vm_2": {
      "value": "84.201.135.23",
      "type": "string"
    },
    "internal_ip_address_vm_2": {
      "value": "192.168.10.18",
      "type": "string"
    }
  },
  "resources": [
    {
      "mode": "data",
      "type": "yandex_compute_image",
      "name": "my-ubuntu-2004-1",
      "provider": "provider[\"registry.terraform.io/yandex-cloud/yandex\"]",
      "instances": [
        {
          "schema_version": 0,
          "attributes": {
            "created_at": "2023-09-18T10:53:23Z",
            "description": "ubuntu 20.04 lts",
            "family": "ubuntu-2004-lts",
            "folder_id": "standard-images",
            "id": "fd8dfofgv8k45mqv25nq",
            "image_id": "fd8dfofgv8k45mqv25nq",
            "labels": {},
            "min_disk_size": 5,
            "name": "ubuntu-20-04-lts-v20230918",
            "os_type": "linux",
            "pooled": true,
            "product_ids": [
              "f2enn1chbcbvfegk0qgf"
            ],
            "size": 4,
            "status": "ready"
          },
          "sensitive_attributes": []
        }
      ]
    },
    {
      "mode": "managed",
      "type": "yandex_compute_instance",
      "name": "my-vm-1",
      "provider": "provider[\"registry.terraform.io/yandex-cloud/yandex\"]",
      "instances": [
        {
          "schema_version": 1,
          "attributes": {
            "allow_recreate": null,
            "allow_stopping_for_update": null,
            "boot_disk": [
              {
                "auto_delete": true,
                "device_name": "fhmdrs8dqlp81e42gbuj",
                "disk_id": "fhmdrs8dqlp81e42gbuj",
                "initialize_params": [
                  {
                    "block_size": 4096,
                    "description": "",
                    "image_id": "fd8dfofgv8k45mqv25nq",
                    "name": "",
                    "size": 5,
                    "snapshot_id": "",
                    "type": "network-hdd"
                  }
                ],
                "mode": "READ_WRITE"
              }
            ],
            "created_at": "2023-09-18T17:16:55Z",
            "description": "",
            "filesystem": [],
            "folder_id": "b1gbe113dlq106e5a2d6",
            "fqdn": "fhmmjq3950rq53d6mb9g.auto.internal",
            "gpu_cluster_id": "",
            "hostname": "",
            "id": "fhmmjq3950rq53d6mb9g",
            "labels": null,
            "local_disk": [],
            "metadata": {
              "ssh-keys": "ubuntu:ssh-rsa AAAAB3NzaC1yc2EAAAADAQABAAABgQCYoaOErOPnGvFoMK2U3ZlBS5IR3k/SVUGFke9lCTWeQj+KfYRIZKFyfWtsxhc468ZtJr2DXtx3HVD/RZwP9kBfdcmDaalsmDHme/xZwi0PkSMToiy6UR6uJp/dtyRWF46pKGRcgYr5tvsF8tJtCwQNUKTWoZg8+Yjmj01eIGguqdqsHbf2v2sj77412412yktKSfiOKA3yBbdfgFitsIzMz2MikabL1y0anNyJnAUORSlcKmEhno18JSYorDySVOZqBInHnM8LdK7q5DrqWz47fTTO4NfYB3P+omHnRgpKxJoP0GNUKMR9Nsu/woFJmMgM2hnHa4PO+O/nOVLQl0wdpEOXRgt5Fub4F2BllxX5DUlGuPTuIizaqfi2S4KETB1ockBagHX+ZNpADVSfkZ1izN5NGtSgreZFoRZ8TlwxNC/GRaQx7rWMd2u48NEhxwtjozocmqq/ujP8BCGgnbB4g5faiwo3FDbHK4yUftYrIy/u7aOVneXrY1zJiYzPl7s= denis@linuxsrvskill\n"
            },
            "metadata_options": [
              {
                "aws_v1_http_endpoint": 1,
                "aws_v1_http_token": 2,
                "gce_http_endpoint": 1,
                "gce_http_token": 1
              }
            ],
            "name": "test-vm-2",
            "network_acceleration_type": "standard",
            "network_interface": [
              {
                "dns_record": [],
                "index": 0,
                "ip_address": "192.168.10.18",
                "ipv4": true,
                "ipv6": false,
                "ipv6_address": "",
                "ipv6_dns_record": [],
                "mac_address": "d0:0d:16:9e:86:92",
                "nat": true,
                "nat_dns_record": [],
                "nat_ip_address": "84.201.135.23",
                "nat_ip_version": "IPV4",
                "security_group_ids": [],
                "subnet_id": "e9bm1lo0nc91h2t4tkc9"
              }
            ],
            "placement_policy": [
              {
                "host_affinity_rules": [],
                "placement_group_id": ""
              }
            ],
            "platform_id": "standard-v1",
            "resources": [
              {
                "core_fraction": 100,
                "cores": 2,
                "gpus": 0,
                "memory": 2
              }
            ],
            "scheduling_policy": [
              {
                "preemptible": false
              }
            ],
            "secondary_disk": [],
            "service_account_id": "",
            "status": "running",
            "timeouts": null,
            "zone": "ru-central1-a"
          },
          "sensitive_attributes": [],
          "private": "eyJlMmJmYjczMC1lY2FhLTExZTYtOGY4OC0zNDM2M2JjN2M0YzAiOnsiY3JlYXRlIjozMDAwMDAwMDAwMDAsImRlbGV0ZSI6MzAwMDAwMDAwMDAwLCJ1cGRhdGUiOjMwMDAwMDAwMDAwMH0sInNjaGVtYV92ZXJzaW9uIjoiMSJ9",
          "dependencies": [
            "data.yandex_compute_image.my-ubuntu-2004-1",
            "yandex_vpc_network.default",
            "yandex_vpc_subnet.my-sn-1"
          ]
        }
      ]
    },
    {
      "mode": "managed",
      "type": "yandex_vpc_network",
      "name": "default",
      "provider": "provider[\"registry.terraform.io/yandex-cloud/yandex\"]",
      "instances": [
        {
          "schema_version": 0,
          "attributes": {
            "created_at": "2023-09-18T17:16:48Z",
            "default_security_group_id": "enp2so1jgm31bk2vtla7",
            "description": "",
            "folder_id": "b1gbe113dlq106e5a2d6",
            "id": "enparknl0m6802ickepv",
            "labels": {},
            "name": "my-nw-2",
            "subnet_ids": [],
            "timeouts": null
          },
          "sensitive_attributes": [],
          "private": "eyJlMmJmYjczMC1lY2FhLTExZTYtOGY4OC0zNDM2M2JjN2M0YzAiOnsiY3JlYXRlIjo2MDAwMDAwMDAwMCwiZGVsZXRlIjo2MDAwMDAwMDAwMCwidXBkYXRlIjo2MDAwMDAwMDAwMH19"
        }
      ]
    },
    {
      "mode": "managed",
      "type": "yandex_vpc_subnet",
      "name": "my-sn-1",
      "provider": "provider[\"registry.terraform.io/yandex-cloud/yandex\"]",
      "instances": [
        {
          "schema_version": 0,
          "attributes": {
            "created_at": "2023-09-18T17:16:51Z",
            "description": "",
            "dhcp_options": [],
            "folder_id": "b1gbe113dlq106e5a2d6",
            "id": "e9bm1lo0nc91h2t4tkc9",
            "labels": {},
            "name": "",
            "network_id": "enparknl0m6802ickepv",
            "route_table_id": "",
            "timeouts": null,
            "v4_cidr_blocks": [
              "192.168.10.0/24"
            ],
            "v6_cidr_blocks": [],
            "zone": "ru-central1-a"
          },
          "sensitive_attributes": [],
          "private": "eyJlMmJmYjczMC1lY2FhLTExZTYtOGY4OC0zNDM2M2JjN2M0YzAiOnsiY3JlYXRlIjoxODAwMDAwMDAwMDAsImRlbGV0ZSI6MTgwMDAwMDAwMDAwLCJ1cGRhdGUiOjE4MDAwMDAwMDAwMH19",
          "dependencies": [
            "yandex_vpc_network.default"
          ]
        }
      ]
    }
  ],
  "check_results": null
}
